
Microsoft Visual Studio Solution File, Format Version 12.00
# Visual Studio 15
VisualStudioVersion = 15.0.28307.329
MinimumVisualStudioVersion = 10.0.40219.1
Project("{FAE04EC0-301F-11D3-BF4B-00C04F79EFBC}") = "AppAutentificacion", "AppAutentificacion\AppAutentificacion.csproj", "{EB5077ED-764E-4482-9DD1-9E4AA0D4ADA1}"
EndProject
Global
	GlobalSection(SolutionConfigurationPlatforms) = preSolution
		Debug|Any CPU = Debug|Any CPU
		Release|Any CPU = Release|Any CPU
	EndGlobalSection
	GlobalSection(ProjectConfigurationPlatforms) = postSolution
		{EB5077ED-764E-4482-9DD1-9E4AA0D4ADA1}.Debug|Any CPU.ActiveCfg = Debug|Any CPU
		{EB5077ED-764E-4482-9DD1-9E4AA0D4ADA1}.Debug|Any CPU.Build.0 = Debug|Any CPU
		{EB5077ED-764E-4482-9DD1-9E4AA0D4ADA1}.Release|Any CPU.ActiveCfg = Release|Any CPU
		{EB5077ED-764E-4482-9DD1-9E4AA0D4ADA1}.Release|Any CPU.Build.0 = Release|Any CPU
	EndGlobalSection
	GlobalSection(SolutionProperties) = preSolution
		HideSolutionNode = FALSE
	EndGlobalSection
	GlobalSection(ExtensibilityGlobals) = postSolution
		SolutionGuid = {FA0240E8-0278-40EA-B415-28C1322A9EFF}
	EndGlobalSection
EndGlobal
